
Microsoft Visual Studio Solution File, Format Version 12.00
# Visual Studio Version 17
VisualStudioVersion = 17.6.33815.320
MinimumVisualStudioVersion = 10.0.40219.1
Project("{FAE04EC0-301F-11D3-BF4B-00C04F79EFBC}") = "RequestLibrary", "RequestLibrary\RequestLibrary.csproj", "{0357F3AC-7377-4AEB-ADD0-758E128B9932}"
EndProject
Global
	GlobalSection(SolutionConfigurationPlatforms) = preSolution
		Debug|Any CPU = Debug|Any CPU
		Release|Any CPU = Release|Any CPU
	EndGlobalSection
	GlobalSection(ProjectConfigurationPlatforms) = postSolution
		{0357F3AC-7377-4AEB-ADD0-758E128B9932}.Debug|Any CPU.ActiveCfg = Debug|Any CPU
		{0357F3AC-7377-4AEB-ADD0-758E128B9932}.Debug|Any CPU.Build.0 = Debug|Any CPU
		{0357F3AC-7377-4AEB-ADD0-758E128B9932}.Release|Any CPU.ActiveCfg = Release|Any CPU
		{0357F3AC-7377-4AEB-ADD0-758E128B9932}.Release|Any CPU.Build.0 = Release|Any CPU
	EndGlobalSection
	GlobalSection(SolutionProperties) = preSolution
		HideSolutionNode = FALSE
	EndGlobalSection
	GlobalSection(ExtensibilityGlobals) = postSolution
		SolutionGuid = {A10387EA-73D6-4481-BAD1-D4BB2C655E45}
	EndGlobalSection
EndGlobal
